
Microsoft Visual Studio Solution File, Format Version 12.00
# Visual Studio Version 17
VisualStudioVersion = 17.3.32922.545
MinimumVisualStudioVersion = 10.0.40219.1
Project("{FAE04EC0-301F-11D3-BF4B-00C04F79EFBC}") = "LeetcodeTest", "LeetcodeTest.csproj", "{4D857716-21B3-4626-A0DC-526AD113A1E7}"
EndProject
Global
	GlobalSection(SolutionConfigurationPlatforms) = preSolution
		Debug|Any CPU = Debug|Any CPU
		Release|Any CPU = Release|Any CPU
	EndGlobalSection
	GlobalSection(ProjectConfigurationPlatforms) = postSolution
		{4D857716-21B3-4626-A0DC-526AD113A1E7}.Debug|Any CPU.ActiveCfg = Debug|Any CPU
		{4D857716-21B3-4626-A0DC-526AD113A1E7}.Debug|Any CPU.Build.0 = Debug|Any CPU
		{4D857716-21B3-4626-A0DC-526AD113A1E7}.Release|Any CPU.ActiveCfg = Release|Any CPU
		{4D857716-21B3-4626-A0DC-526AD113A1E7}.Release|Any CPU.Build.0 = Release|Any CPU
	EndGlobalSection
	GlobalSection(SolutionProperties) = preSolution
		HideSolutionNode = FALSE
	EndGlobalSection
	GlobalSection(ExtensibilityGlobals) = postSolution
		SolutionGuid = {E2D862B4-74C6-4C62-AE57-85B8C85120B2}
	EndGlobalSection
EndGlobal
